
Microsoft Visual Studio Solution File, Format Version 12.00
# Visual Studio Version 16
VisualStudioVersion = 16.0.29609.76
MinimumVisualStudioVersion = 10.0.40219.1
Project("{FAE04EC0-301F-11D3-BF4B-00C04F79EFBC}") = "OOPKeyWork.Console", "OOPKeyWork.Console\OOPKeyWork.Console.csproj", "{4AC3C977-7C08-4C20-AB94-F03DA1412889}"
EndProject
Global
	GlobalSection(SolutionConfigurationPlatforms) = preSolution
		Debug|Any CPU = Debug|Any CPU
		Release|Any CPU = Release|Any CPU
	EndGlobalSection
	GlobalSection(ProjectConfigurationPlatforms) = postSolution
		{4AC3C977-7C08-4C20-AB94-F03DA1412889}.Debug|Any CPU.ActiveCfg = Debug|Any CPU
		{4AC3C977-7C08-4C20-AB94-F03DA1412889}.Debug|Any CPU.Build.0 = Debug|Any CPU
		{4AC3C977-7C08-4C20-AB94-F03DA1412889}.Release|Any CPU.ActiveCfg = Release|Any CPU
		{4AC3C977-7C08-4C20-AB94-F03DA1412889}.Release|Any CPU.Build.0 = Release|Any CPU
	EndGlobalSection
	GlobalSection(SolutionProperties) = preSolution
		HideSolutionNode = FALSE
	EndGlobalSection
	GlobalSection(ExtensibilityGlobals) = postSolution
		SolutionGuid = {06B0C233-4055-43A9-8A74-23B9674D4934}
	EndGlobalSection
EndGlobal
